{
  "name": "intro-to-node",
  "version": "1.0.0",
  "lockfileVersion": 2,
  "requires": true,
  "packages": {
    "": {
      "name": "intro-to-node",
      "version": "1.0.0",
      "license": "ISC",
      "dependencies": {
        "superhero": "^2.6.7",
        "supervillains": "^3.0.0"
      }
    },
    "node_modules/@superhero/debug": {
      "version": "1.1.14",
      "resolved": "https://registry.npmjs.org/@superhero/debug/-/debug-1.1.14.tgz",
      "integrity": "sha512-4i1RUzFDA8+QeQOC1MOQdHFESV580eGvRB3DfPGTB2VgL2jC5S3CB2Q+WitnWEfBixRPxzDhUNl6593yqW4/3A==",
      "dependencies": {
        "dateformat": "3.0.2"
      }
    },
    "node_modules/@superhero/request": {
      "version": "2.3.7",
      "resolved": "https://registry.npmjs.org/@superhero/request/-/request-2.3.7.tgz",
      "integrity": "sha512-MJzOOWuwGnx7mRd8/Qm5nYnGoTz3s1pByDHEmFBa5thRcwx7lgCNfr9TDu0UBcT3w6Ur8MBiZr9WA+u0trWSfQ==",
      "dependencies": {
        "@superhero/debug": "1.1.13"
      }
    },
    "node_modules/@superhero/request/node_modules/@superhero/debug": {
      "version": "1.1.13",
      "resolved": "https://registry.npmjs.org/@superhero/debug/-/debug-1.1.13.tgz",
      "integrity": "sha512-CzvbJm1ma56VsEmqVs3WxDSpgFScNH8yEutj3hfqNL+aGNIily9jmpxe4S3tsSr8FKI2pEvg5emmpJsnS2w+SA==",
      "dependencies": {
        "dateformat": "3.0.2"
      }
    },
    "node_modules/cookies": {
      "version": "0.7.2",
      "resolved": "https://registry.npmjs.org/cookies/-/cookies-0.7.2.tgz",
      "integrity": "sha512-J2JjH9T3PUNKPHknprxgCrCaZshIfxW2j49gq1E1CP5Micj1LppWAR2y9EHSQAzEiX84zOsScWNwUZ0b/ChlMw==",
      "dependencies": {
        "depd": "~1.1.2",
        "keygrip": "~1.0.2"
      },
      "engines": {
        "node": ">= 0.8"
      }
    },
    "node_modules/dateformat": {
      "version": "3.0.2",
      "resolved": "https://registry.npmjs.org/dateformat/-/dateformat-3.0.2.tgz",
      "integrity": "sha1-mk30v/FYrC80vGN6vbFUcWB+Flk=",
      "engines": {
        "node": "*"
      }
    },
    "node_modules/depd": {
      "version": "1.1.2",
      "resolved": "https://registry.npmjs.org/depd/-/depd-1.1.2.tgz",
      "integrity": "sha1-m81S4UwJd2PnSbJ0xDRu0uVgtak=",
      "engines": {
        "node": ">= 0.6"
      }
    },
    "node_modules/keygrip": {
      "version": "1.0.3",
      "resolved": "https://registry.npmjs.org/keygrip/-/keygrip-1.0.3.tgz",
      "integrity": "sha512-/PpesirAIfaklxUzp4Yb7xBper9MwP6hNRA6BGGUFCgbJ+BM5CKBtsoxinNXkLHAr+GXS1/lSlF2rP7cv5Fl+g==",
      "engines": {
        "node": ">= 0.6"
      }
    },
    "node_modules/superhero": {
      "version": "2.6.7",
      "resolved": "https://registry.npmjs.org/superhero/-/superhero-2.6.7.tgz",
      "integrity": "sha512-/HcNbQfZmIE7qqD10zwvoXGX2E93/FAPg2sFnfcPxKQNQ9XS8F/uL0GA60hprvhsyQByTEQ0s0CEcMikio/h9Q==",
      "dependencies": {
        "@superhero/debug": "1.1.14",
        "@superhero/request": "2.3.7",
        "cookies": "0.7.2"
      },
      "bin": {
        "superhero": "bin/superhero.js"
      },
      "engines": {
        "node": ">=10.0.0"
      }
    },
    "node_modules/supervillains": {
      "version": "3.0.0",
      "resolved": "https://registry.npmjs.org/supervillains/-/supervillains-3.0.0.tgz",
      "integrity": "sha512-L3vram05h2SLW8eeHff0JmXA+P0kYI/Be9t5JXLFmV7vJ3tnBC1es5Sg0ym70CgeolowMObR5Jl+xpEv5bSvZg==",
      "dependencies": {
        "unique-random-array": "^2.0.0"
      },
      "engines": {
        "node": ">=8"
      }
    },
    "node_modules/unique-random": {
      "version": "2.1.0",
      "resolved": "https://registry.npmjs.org/unique-random/-/unique-random-2.1.0.tgz",
      "integrity": "sha512-iQ1ZgWac3b8YxGThecQFRQiqgk6xFERRwHZIWeVVsqlbmgCRl0PY13R4mUkodNgctmg5b5odG1nyW/IbOxQTqg==",
      "engines": {
        "node": ">=6"
      }
    },
    "node_modules/unique-random-array": {
      "version": "2.0.0",
      "resolved": "https://registry.npmjs.org/unique-random-array/-/unique-random-array-2.0.0.tgz",
      "integrity": "sha512-xR87O95fZ7hljw84J8r1YDXrvffPLWN513BNOP4Bv0KcgG5dyEUrHwsvP7mVAOKg4Y80uqRbpUk0GKr8il70qg==",
      "dependencies": {
        "unique-random": "^2.1.0"
      },
      "engines": {
        "node": ">=8"
      }
    }
  },
  "dependencies": {
    "@superhero/debug": {
      "version": "1.1.14",
      "resolved": "https://registry.npmjs.org/@superhero/debug/-/debug-1.1.14.tgz",
      "integrity": "sha512-4i1RUzFDA8+QeQOC1MOQdHFESV580eGvRB3DfPGTB2VgL2jC5S3CB2Q+WitnWEfBixRPxzDhUNl6593yqW4/3A==",
      "requires": {
        "dateformat": "3.0.2"
      }
    },
    "@superhero/request": {
      "version": "2.3.7",
      "resolved": "https://registry.npmjs.org/@superhero/request/-/request-2.3.7.tgz",
      "integrity": "sha512-MJzOOWuwGnx7mRd8/Qm5nYnGoTz3s1pByDHEmFBa5thRcwx7lgCNfr9TDu0UBcT3w6Ur8MBiZr9WA+u0trWSfQ==",
      "requires": {
        "@superhero/debug": "1.1.13"
      },
      "dependencies": {
        "@superhero/debug": {
          "version": "1.1.13",
          "resolved": "https://registry.npmjs.org/@superhero/debug/-/debug-1.1.13.tgz",
          "integrity": "sha512-CzvbJm1ma56VsEmqVs3WxDSpgFScNH8yEutj3hfqNL+aGNIily9jmpxe4S3tsSr8FKI2pEvg5emmpJsnS2w+SA==",
          "requires": {
            "dateformat": "3.0.2"
          }
        }
      }
    },
    "cookies": {
      "version": "0.7.2",
      "resolved": "https://registry.npmjs.org/cookies/-/cookies-0.7.2.tgz",
      "integrity": "sha512-J2JjH9T3PUNKPHknprxgCrCaZshIfxW2j49gq1E1CP5Micj1LppWAR2y9EHSQAzEiX84zOsScWNwUZ0b/ChlMw==",
      "requires": {
        "depd": "~1.1.2",
        "keygrip": "~1.0.2"
      }
    },
    "dateformat": {
      "version": "3.0.2",
      "resolved": "https://registry.npmjs.org/dateformat/-/dateformat-3.0.2.tgz",
      "integrity": "sha1-mk30v/FYrC80vGN6vbFUcWB+Flk="
    },
    "depd": {
      "version": "1.1.2",
      "resolved": "https://registry.npmjs.org/depd/-/depd-1.1.2.tgz",
      "integrity": "sha1-m81S4UwJd2PnSbJ0xDRu0uVgtak="
    },
    "keygrip": {
      "version": "1.0.3",
      "resolved": "https://registry.npmjs.org/keygrip/-/keygrip-1.0.3.tgz",
      "integrity": "sha512-/PpesirAIfaklxUzp4Yb7xBper9MwP6hNRA6BGGUFCgbJ+BM5CKBtsoxinNXkLHAr+GXS1/lSlF2rP7cv5Fl+g=="
    },
    "superhero": {
      "version": "2.6.7",
      "resolved": "https://registry.npmjs.org/superhero/-/superhero-2.6.7.tgz",
      "integrity": "sha512-/HcNbQfZmIE7qqD10zwvoXGX2E93/FAPg2sFnfcPxKQNQ9XS8F/uL0GA60hprvhsyQByTEQ0s0CEcMikio/h9Q==",
      "requires": {
        "@superhero/debug": "1.1.14",
        "@superhero/request": "2.3.7",
        "cookies": "0.7.2"
      }
    },
    "supervillains": {
      "version": "3.0.0",
      "resolved": "https://registry.npmjs.org/supervillains/-/supervillains-3.0.0.tgz",
      "integrity": "sha512-L3vram05h2SLW8eeHff0JmXA+P0kYI/Be9t5JXLFmV7vJ3tnBC1es5Sg0ym70CgeolowMObR5Jl+xpEv5bSvZg==",
      "requires": {
        "unique-random-array": "^2.0.0"
      }
    },
    "unique-random": {
      "version": "2.1.0",
      "resolved": "https://registry.npmjs.org/unique-random/-/unique-random-2.1.0.tgz",
      "integrity": "sha512-iQ1ZgWac3b8YxGThecQFRQiqgk6xFERRwHZIWeVVsqlbmgCRl0PY13R4mUkodNgctmg5b5odG1nyW/IbOxQTqg=="
    },
    "unique-random-array": {
      "version": "2.0.0",
      "resolved": "https://registry.npmjs.org/unique-random-array/-/unique-random-array-2.0.0.tgz",
      "integrity": "sha512-xR87O95fZ7hljw84J8r1YDXrvffPLWN513BNOP4Bv0KcgG5dyEUrHwsvP7mVAOKg4Y80uqRbpUk0GKr8il70qg==",
      "requires": {
        "unique-random": "^2.1.0"
      }
    }
  }
}
